Microsoft Visual Studio Solution File, Format Version 12.00
# Visual Studio 2012
Project("{FAE04EC0-301F-11D3-BF4B-00C04F79EFBC}") = "ChessRTS", "ChessRTS.csproj", "{E4675B38-E623-4E68-BE89-E968D4A72D76}"
EndProject
Global
	GlobalSection(SolutionConfigurationPlatforms) = preSolution
	Debug|Any CPU = Debug|Any CPU
	ExportDebug|Any CPU = ExportDebug|Any CPU
	ExportRelease|Any CPU = ExportRelease|Any CPU
	EndGlobalSection
	GlobalSection(ProjectConfigurationPlatforms) = postSolution
		{E4675B38-E623-4E68-BE89-E968D4A72D76}.Debug|Any CPU.ActiveCfg = Debug|Any CPU
		{E4675B38-E623-4E68-BE89-E968D4A72D76}.Debug|Any CPU.Build.0 = Debug|Any CPU
		{E4675B38-E623-4E68-BE89-E968D4A72D76}.ExportDebug|Any CPU.ActiveCfg = ExportDebug|Any CPU
		{E4675B38-E623-4E68-BE89-E968D4A72D76}.ExportDebug|Any CPU.Build.0 = ExportDebug|Any CPU
		{E4675B38-E623-4E68-BE89-E968D4A72D76}.ExportRelease|Any CPU.ActiveCfg = ExportRelease|Any CPU
		{E4675B38-E623-4E68-BE89-E968D4A72D76}.ExportRelease|Any CPU.Build.0 = ExportRelease|Any CPU
	EndGlobalSection
EndGlobal
